
Microsoft Visual Studio Solution File, Format Version 12.00
# Visual Studio Version 17
VisualStudioVersion = 17.14.36203.30 d17.14
MinimumVisualStudioVersion = 10.0.40219.1
Project("{888888A0-9F3D-457C-B088-3A5042F75D52}") = "nlptosql", "nlptosql.pyproj", "{D9C6FFB7-3C16-4F47-9412-37FB3B95479A}"
EndProject
Global
	GlobalSection(SolutionConfigurationPlatforms) = preSolution
		Debug|Any CPU = Debug|Any CPU
		Release|Any CPU = Release|Any CPU
	EndGlobalSection
	GlobalSection(ProjectConfigurationPlatforms) = postSolution
		{D9C6FFB7-3C16-4F47-9412-37FB3B95479A}.Debug|Any CPU.ActiveCfg = Debug|Any CPU
		{D9C6FFB7-3C16-4F47-9412-37FB3B95479A}.Debug|Any CPU.Build.0 = Debug|Any CPU
		{D9C6FFB7-3C16-4F47-9412-37FB3B95479A}.Release|Any CPU.ActiveCfg = Release|Any CPU
		{D9C6FFB7-3C16-4F47-9412-37FB3B95479A}.Release|Any CPU.Build.0 = Release|Any CPU
	EndGlobalSection
	GlobalSection(SolutionProperties) = preSolution
		HideSolutionNode = FALSE
	EndGlobalSection
	GlobalSection(ExtensibilityGlobals) = postSolution
		SolutionGuid = {A5AB8C60-B103-4437-A089-5E1EBC608E45}
	EndGlobalSection
EndGlobal
